// !$*UTF8*$!
{
	archiveVersion = 1;
	classes = {
	};
	objectVersion = 50;
	objects = {

/* Begin PBXBuildFile section */
		106B00F0271BFCC30067F2FB /* AppDelegate.swift in Sources */ = {isa = PBXBuildFile; fileRef = 106B00EF271BFCC30067F2FB /* AppDelegate.swift */; };
		106B00F2271BFCC30067F2FB /* SceneDelegate.swift in Sources */ = {isa = PBXBuildFile; fileRef = 106B00F1271BFCC30067F2FB /* SceneDelegate.swift */; };
		106B00F4271BFCC30067F2FB /* ViewController.swift in Sources */ = {isa = PBXBuildFile; fileRef = 106B00F3271BFCC30067F2FB /* ViewController.swift */; };
		106B00F7271BFCC30067F2FB /* Main.storyboard in Resources */ = {isa = PBXBuildFile; fileRef = 106B00F5271BFCC30067F2FB /* Main.storyboard */; };
		106B00F9271BFCC40067F2FB /* Assets.xcassets in Resources */ = {isa = PBXBuildFile; fileRef = 106B00F8271BFCC40067F2FB /* Assets.xcassets */; };
		106B00FC271BFCC40067F2FB /* LaunchScreen.storyboard in Resources */ = {isa = PBXBuildFile; fileRef = 106B00FA271BFCC40067F2FB /* LaunchScreen.storyboard */; };
		106B010A271C49DF0067F2FB /* alarm.mp3 in Resources */ = {isa = PBXBuildFile; fileRef = 106B0109271C49DF0067F2FB /* alarm.mp3 */; };
/* End PBXBuildFile section */

/* Begin PBXFileReference section */
		106B00EC271BFCC30067F2FB /* Pasta_Application.app */ = {isa = PBXFileReference; explicitFileType = wrapper.application; includeInIndex = 0; path = Pasta_Application.app; sourceTree = BUILT_PRODUCTS_DIR; };
		106B00EF271BFCC30067F2FB /* AppDelegate.swift */ = {isa = PBXFileReference; lastKnownFileType = sourcecode.swift; path = AppDelegate.swift; sourceTree = "<group>"; };
		106B00F1271BFCC30067F2FB /* SceneDelegate.swift */ = {isa = PBXFileReference; lastKnownFileType = sourcecode.swift; path = SceneDelegate.swift; sourceTree = "<group>"; };
		106B00F3271BFCC30067F2FB /* ViewController.swift */ = {isa = PBXFileReference; lastKnownFileType = sourcecode.swift; path = ViewController.swift; sourceTree = "<group>"; };
		106B00F6271BFCC30067F2FB /* Base */ = {isa = PBXFileReference; lastKnownFileType = file.storyboard; name = Base; path = Base.lproj/Main.storyboard; sourceTree = "<group>"; };
		106B00F8271BFCC40067F2FB /* Assets.xcassets */ = {isa = PBXFileReference; lastKnownFileType = folder.assetcatalog; path = Assets.xcassets; sourceTree = "<group>"; };
		106B00FB271BFCC40067F2FB /* Base */ = {isa = PBXFileReference; lastKnownFileType = file.storyboard; name = Base; path = Base.lproj/LaunchScreen.storyboard; sourceTree = "<group>"; };
		106B00FD271BFCC40067F2FB /* Info.plist */ = {isa = PBXFileReference; lastKnownFileType = text.plist.xml; path = Info.plist; sourceTree = "<group>"; };
		106B0109271C49DF0067F2FB /* alarm.mp3 */ = {isa = PBXFileReference; lastKnownFileType = audio.mp3; path = alarm.mp3; sourceTree = "<group>"; };
/* End PBXFileReference section */

/* Begin PBXFrameworksBuildPhase section */
		106B00E9271BFCC30067F2FB /* Frameworks */ = {
			isa = PBXFrameworksBuildPhase;
			buildActionMask = 2147483647;
			files = (
			);
			runOnlyForDeploymentPostprocessing = 0;
		};
/* End PBXFrameworksBuildPhase section */

/* Begin PBXGroup section */
		106B00E3271BFCC30067F2FB = {
			isa = PBXGroup;
			children = (
				106B00EE271BFCC30067F2FB /* Pasta_Application */,
				106B00ED271BFCC30067F2FB /* Products */,
			);
			sourceTree = "<group>";
		};
		106B00ED271BFCC30067F2FB /* Products */ = {
			isa = PBXGroup;
			children = (
				106B00EC271BFCC30067F2FB /* Pasta_Application.app */,
			);
			name = Products;
			sourceTree = "<group>";
		};
		106B00EE271BFCC30067F2FB /* Pasta_Application */ = {
			isa = PBXGroup;
			children = (
				106B0109271C49DF0067F2FB /* alarm.mp3 */,
				106B00EF271BFCC30067F2FB /* AppDelegate.swift */,
				106B00F1271BFCC30067F2FB /* SceneDelegate.swift */,
				106B00F3271BFCC30067F2FB /* ViewController.swift */,
				106B00F5271BFCC30067F2FB /* Main.storyboard */,
				106B00F8271BFCC40067F2FB /* Assets.xcassets */,
				106B00FA271BFCC40067F2FB /* LaunchScreen.storyboard */,
				106B00FD271BFCC40067F2FB /* Info.plist */,
			);
			path = Pasta_Application;
			sourceTree = "<group>";
		};
/* End PBXGroup section */

/* Begin PBXNativeTarget section */
		106B00EB271BFCC30067F2FB /* Pasta_Application */ = {
			isa = PBXNativeTarget;
			buildConfigurationList = 106B0100271BFCC40067F2FB /* Build configuration list for PBXNativeTarget "Pasta_Application" */;
			buildPhases = (
				106B00E8271BFCC30067F2FB /* Sources */,
				106B00E9271BFCC30067F2FB /* Frameworks */,
				106B00EA271BFCC30067F2FB /* Resources */,
			);
			buildRules = (
			);
			dependencies = (
			);
			name = Pasta_Application;
			productName = Pasta_Application;
			productReference = 106B00EC271BFCC30067F2FB /* Pasta_Application.app */;
			productType = "com.apple.product-type.application";
		};
/* End PBXNativeTarget section */

/* Begin PBXProject section */
		106B00E4271BFCC30067F2FB /* Project object */ = {
			isa = PBXProject;
			attributes = {
				LastSwiftUpdateCheck = 1250;
				LastUpgradeCheck = 1250;
				TargetAttributes = {
					106B00EB271BFCC30067F2FB = {
						CreatedOnToolsVersion = 12.5;
					};
				};
			};
			buildConfigurationList = 106B00E7271BFCC30067F2FB /* Build configuration list for PBXProject "Pasta_Application" */;
			compatibilityVersion = "Xcode 9.3";
			developmentRegion = en;
			hasScannedForEncodings = 0;
			knownRegions = (
				en,
				Base,
			);
			mainGroup = 106B00E3271BFCC30067F2FB;
			productRefGroup = 106B00ED271BFCC30067F2FB /* Products */;
			projectDirPath = "";
			projectRoot = "";
			targets = (
				106B00EB271BFCC30067F2FB /* Pasta_Application */,
			);
		};
/* End PBXProject section */

/* Begin PBXResourcesBuildPhase section */
		106B00EA271BFCC30067F2FB /* Resources */ = {
			isa = PBXResourcesBuildPhase;
			buildActionMask = 2147483647;
			files = (
				106B010A271C49DF0067F2FB /* alarm.mp3 in Resources */,
				106B00FC271BFCC40067F2FB /* LaunchScreen.storyboard in Resources */,
				106B00F9271BFCC40067F2FB /* Assets.xcassets in Resources */,
				106B00F7271BFCC30067F2FB /* Main.storyboard in Resources */,
			);
			runOnlyForDeploymentPostprocessing = 0;
		};
/* End PBXResourcesBuildPhase section */

/* Begin PBXSourcesBuildPhase section */
		106B00E8271BFCC30067F2FB /* Sources */ = {
			isa = PBXSourcesBuildPhase;
			buildActionMask = 2147483647;
			files = (
				106B00F4271BFCC30067F2FB /* ViewController.swift in Sources */,
				106B00F0271BFCC30067F2FB /* AppDelegate.swift in Sources */,
				106B00F2271BFCC30067F2FB /* SceneDelegate.swift in Sources */,
			);
			runOnlyForDeploymentPostprocessing = 0;
		};
/* End PBXSourcesBuildPhase section */

/* Begin PBXVariantGroup section */
		106B00F5271BFCC30067F2FB /* Main.storyboard */ = {
			isa = PBXVariantGroup;
			children = (
				106B00F6271BFCC30067F2FB /* Base */,
			);
			name = Main.storyboard;
			sourceTree = "<group>";
		};
		106B00FA271BFCC40067F2FB /* LaunchScreen.storyboard */ = {
			isa = PBXVariantGroup;
			children = (
				106B00FB271BFCC40067F2FB /* Base */,
			);
			name = LaunchScreen.storyboard;
			sourceTree = "<group>";
		};
/* End PBXVariantGroup section */

/* Begin XCBuildConfiguration section */
		106B00FE271BFCC40067F2FB /* Debug */ = {
			isa = XCBuildConfiguration;
			buildSettings = {
				ALWAYS_SEARCH_USER_PATHS = NO;
				CLANG_ANALYZER_NONNULL = YES;
				CLANG_ANALYZER_NUMBER_OBJECT_CONVERSION = YES_AGGRESSIVE;
				CLANG_CXX_LANGUAGE_STANDARD = "gnu++14";
				CLANG_CXX_LIBRARY = "libc++";
				CLANG_ENABLE_MODULES = YES;
				CLANG_ENABLE_OBJC_ARC = YES;
				CLANG_ENABLE_OBJC_WEAK = YES;
				CLANG_WARN_BLOCK_CAPTURE_AUTORELEASING = YES;
				CLANG_WARN_BOOL_CONVERSION = YES;
				CLANG_WARN_COMMA = YES;
				CLANG_WARN_CONSTANT_CONVERSION = YES;
				CLANG_WARN_DEPRECATED_OBJC_IMPLEMENTATIONS = YES;
				CLANG_WARN_DIRECT_OBJC_ISA_USAGE = YES_ERROR;
				CLANG_WARN_DOCUMENTATION_COMMENTS = YES;
				CLANG_WARN_EMPTY_BODY = YES;
				CLANG_WARN_ENUM_CONVERSION = YES;
				CLANG_WARN_INFINITE_RECURSION = YES;
				CLANG_WARN_INT_CONVERSION = YES;
				CLANG_WARN_NON_LITERAL_NULL_CONVERSION = YES;
				CLANG_WARN_OBJC_IMPLICIT_RETAIN_SELF = YES;
				CLANG_WARN_OBJC_LITERAL_CONVERSION = YES;
				CLANG_WARN_OBJC_ROOT_CLASS = YES_ERROR;
				CLANG_WARN_QUOTED_INCLUDE_IN_FRAMEWORK_HEADER = YES;
				CLANG_WARN_RANGE_LOOP_ANALYSIS = YES;
				CLANG_WARN_STRICT_PROTOTYPES = YES;
				CLANG_WARN_SUSPICIOUS_MOVE = YES;
				CLANG_WARN_UNGUARDED_AVAILABILITY = YES_AGGRESSIVE;
				CLANG_WARN_UNREACHABLE_CODE = YES;
				CLANG_WARN__DUPLICATE_METHOD_MATCH = YES;
				COPY_PHASE_STRIP = NO;
				DEBUG_INFORMATION_FORMAT = dwarf;
				ENABLE_STRICT_OBJC_MSGSEND = YES;
				ENABLE_TESTABILITY = YES;
				GCC_C_LANGUAGE_STANDARD = gnu11;
				GCC_DYNAMIC_NO_PIC = NO;
				GCC_NO_COMMON_BLOCKS = YES;
				GCC_OPTIMIZATION_LEVEL = 0;
				GCC_PREPROCESSOR_DEFINITIONS = (
					"DEBUG=1",
					"$(inherited)",
				);
				GCC_WARN_64_TO_32_BIT_CONVERSION = YES;
				GCC_WARN_ABOUT_RETURN_TYPE = YES_ERROR;
				GCC_WARN_UNDECLARED_SELECTOR = YES;
				GCC_WARN_UNINITIALIZED_AUTOS = YES_AGGRESSIVE;
				GCC_WARN_UNUSED_FUNCTION = YES;
				GCC_WARN_UNUSED_VARIABLE = YES;
				IPHONEOS_DEPLOYMENT_TARGET = 14.5;
				MTL_ENABLE_DEBUG_INFO = INCLUDE_SOURCE;
				MTL_FAST_MATH = YES;
				ONLY_ACTIVE_ARCH = YES;
				SDKROOT = iphoneos;
				SWIFT_ACTIVE_COMPILATION_CONDITIONS = DEBUG;
				SWIFT_OPTIMIZATION_LEVEL = "-Onone";
			};
			name = Debug;
		};
		106B00FF271BFCC40067F2FB /* Release */ = {
			isa = XCBuildConfiguration;
			buildSettings = {
				ALWAYS_SEARCH_USER_PATHS = NO;
				CLANG_ANALYZER_NONNULL = YES;
				CLANG_ANALYZER_NUMBER_OBJECT_CONVERSION = YES_AGGRESSIVE;
				CLANG_CXX_LANGUAGE_STANDARD = "gnu++14";
				CLANG_CXX_LIBRARY = "libc++";
				CLANG_ENABLE_MODULES = YES;
				CLANG_ENABLE_OBJC_ARC = YES;
				CLANG_ENABLE_OBJC_WEAK = YES;
				CLANG_WARN_BLOCK_CAPTURE_AUTORELEASING = YES;
				CLANG_WARN_BOOL_CONVERSION = YES;
				CLANG_WARN_COMMA = YES;
				CLANG_WARN_CONSTANT_CONVERSION = YES;
				CLANG_WARN_DEPRECATED_OBJC_IMPLEMENTATIONS = YES;
				CLANG_WARN_DIRECT_OBJC_ISA_USAGE = YES_ERROR;
				CLANG_WARN_DOCUMENTATION_COMMENTS = YES;
				CLANG_WARN_EMPTY_BODY = YES;
				CLANG_WARN_ENUM_CONVERSION = YES;
				CLANG_WARN_INFINITE_RECURSION = YES;
				CLANG_WARN_INT_CONVERSION = YES;
				CLANG_WARN_NON_LITERAL_NULL_CONVERSION = YES;
				CLANG_WARN_OBJC_IMPLICIT_RETAIN_SELF = YES;
				CLANG_WARN_OBJC_LITERAL_CONVERSION = YES;
				CLANG_WARN_OBJC_ROOT_CLASS = YES_ERROR;
				CLANG_WARN_QUOTED_INCLUDE_IN_FRAMEWORK_HEADER = YES;
				CLANG_WARN_RANGE_LOOP_ANALYSIS = YES;
				CLANG_WARN_STRICT_PROTOTYPES = YES;
				CLANG_WARN_SUSPICIOUS_MOVE = YES;
				CLANG_WARN_UNGUARDED_AVAILABILITY = YES_AGGRESSIVE;
				CLANG_WARN_UNREACHABLE_CODE = YES;
				CLANG_WARN__DUPLICATE_METHOD_MATCH = YES;
				COPY_PHASE_STRIP = NO;
				DEBUG_INFORMATION_FORMAT = "dwarf-with-dsym";
				ENABLE_NS_ASSERTIONS = NO;
				ENABLE_STRICT_OBJC_MSGSEND = YES;
				GCC_C_LANGUAGE_STANDARD = gnu11;
				GCC_NO_COMMON_BLOCKS = YES;
				GCC_WARN_64_TO_32_BIT_CONVERSION = YES;
				GCC_WARN_ABOUT_RETURN_TYPE = YES_ERROR;
				GCC_WARN_UNDECLARED_SELECTOR = YES;
				GCC_WARN_UNINITIALIZED_AUTOS = YES_AGGRESSIVE;
				GCC_WARN_UNUSED_FUNCTION = YES;
				GCC_WARN_UNUSED_VARIABLE = YES;
				IPHONEOS_DEPLOYMENT_TARGET = 14.5;
				MTL_ENABLE_DEBUG_INFO = NO;
				MTL_FAST_MATH = YES;
				SDKROOT = iphoneos;
				SWIFT_COMPILATION_MODE = wholemodule;
				SWIFT_OPTIMIZATION_LEVEL = "-O";
				VALIDATE_PRODUCT = YES;
			};
			name = Release;
		};
		106B0101271BFCC40067F2FB /* Debug */ = {
			isa = XCBuildConfiguration;
			buildSettings = {
				ASSETCATALOG_COMPILER_APPICON_NAME = AppIcon;
				ASSETCATALOG_COMPILER_GLOBAL_ACCENT_COLOR_NAME = AccentColor;
				CODE_SIGN_STYLE = Automatic;
				DEVELOPMENT_TEAM = 8TC6NM65Z3;
				INFOPLIST_FILE = Pasta_Application/Info.plist;
				LD_RUNPATH_SEARCH_PATHS = (
					"$(inherited)",
					"@executable_path/Frameworks",
				);
				PRODUCT_BUNDLE_IDENTIFIER = "com.mohammed.Pasta-Application";
				PRODUCT_NAME = "$(TARGET_NAME)";
				SWIFT_VERSION = 5.0;
				TARGETED_DEVICE_FAMILY = "1,2";
			};
			name = Debug;
		};
		106B0102271BFCC40067F2FB /* Release */ = {
			isa = XCBuildConfiguration;
			buildSettings = {
				ASSETCATALOG_COMPILER_APPICON_NAME = AppIcon;
				ASSETCATALOG_COMPILER_GLOBAL_ACCENT_COLOR_NAME = AccentColor;
				CODE_SIGN_STYLE = Automatic;
				DEVELOPMENT_TEAM = 8TC6NM65Z3;
				INFOPLIST_FILE = Pasta_Application/Info.plist;
				LD_RUNPATH_SEARCH_PATHS = (
					"$(inherited)",
					"@executable_path/Frameworks",
				);
				PRODUCT_BUNDLE_IDENTIFIER = "com.mohammed.Pasta-Application";
				PRODUCT_NAME = "$(TARGET_NAME)";
				SWIFT_VERSION = 5.0;
				TARGETED_DEVICE_FAMILY = "1,2";
			};
			name = Release;
		};
/* End XCBuildConfiguration section */

/* Begin XCConfigurationList section */
		106B00E7271BFCC30067F2FB /* Build configuration list for PBXProject "Pasta_Application" */ = {
			isa = XCConfigurationList;
			buildConfigurations = (
				106B00FE271BFCC40067F2FB /* Debug */,
				106B00FF271BFCC40067F2FB /* Release */,
			);
			defaultConfigurationIsVisible = 0;
			defaultConfigurationName = Release;
		};
		106B0100271BFCC40067F2FB /* Build configuration list for PBXNativeTarget "Pasta_Application" */ = {
			isa = XCConfigurationList;
			buildConfigurations = (
				106B0101271BFCC40067F2FB /* Debug */,
				106B0102271BFCC40067F2FB /* Release */,
			);
			defaultConfigurationIsVisible = 0;
			defaultConfigurationName = Release;
		};
/* End XCConfigurationList section */
	};
	rootObject = 106B00E4271BFCC30067F2FB /* Project object */;
}
