// !$*UTF8*$!
{
	archiveVersion = 1;
	classes = {
	};
	objectVersion = 54;
	objects = {

/* Begin PBXBuildFile section */
		8EA2EDAE271BFCD70064B58A /* AppDelegate.swift in Sources */ = {isa = PBXBuildFile; fileRef = 8EA2EDAD271BFCD70064B58A /* AppDelegate.swift */; };
		8EA2EDB0271BFCD70064B58A /* SceneDelegate.swift in Sources */ = {isa = PBXBuildFile; fileRef = 8EA2EDAF271BFCD70064B58A /* SceneDelegate.swift */; };
		8EA2EDB2271BFCD70064B58A /* ViewController.swift in Sources */ = {isa = PBXBuildFile; fileRef = 8EA2EDB1271BFCD70064B58A /* ViewController.swift */; };
		8EA2EDB5271BFCD70064B58A /* Main.storyboard in Resources */ = {isa = PBXBuildFile; fileRef = 8EA2EDB3271BFCD70064B58A /* Main.storyboard */; };
		8EA2EDB7271BFCD70064B58A /* Assets.xcassets in Resources */ = {isa = PBXBuildFile; fileRef = 8EA2EDB6271BFCD70064B58A /* Assets.xcassets */; };
		8EA2EDBA271BFCD70064B58A /* LaunchScreen.storyboard in Resources */ = {isa = PBXBuildFile; fileRef = 8EA2EDB8271BFCD70064B58A /* LaunchScreen.storyboard */; };
		8EA2EDC2271C3F360064B58A /* alarm.mp3 in Resources */ = {isa = PBXBuildFile; fileRef = 8EA2EDC1271C3F360064B58A /* alarm.mp3 */; };
/* End PBXBuildFile section */

/* Begin PBXFileReference section */
		8EA2EDAA271BFCD70064B58A /* Timer_App.app */ = {isa = PBXFileReference; explicitFileType = wrapper.application; includeInIndex = 0; path = Timer_App.app; sourceTree = BUILT_PRODUCTS_DIR; };
		8EA2EDAD271BFCD70064B58A /* AppDelegate.swift */ = {isa = PBXFileReference; lastKnownFileType = sourcecode.swift; path = AppDelegate.swift; sourceTree = "<group>"; };
		8EA2EDAF271BFCD70064B58A /* SceneDelegate.swift */ = {isa = PBXFileReference; lastKnownFileType = sourcecode.swift; path = SceneDelegate.swift; sourceTree = "<group>"; };
		8EA2EDB1271BFCD70064B58A /* ViewController.swift */ = {isa = PBXFileReference; lastKnownFileType = sourcecode.swift; path = ViewController.swift; sourceTree = "<group>"; };
		8EA2EDB4271BFCD70064B58A /* Base */ = {isa = PBXFileReference; lastKnownFileType = file.storyboard; name = Base; path = Base.lproj/Main.storyboard; sourceTree = "<group>"; };
		8EA2EDB6271BFCD70064B58A /* Assets.xcassets */ = {isa = PBXFileReference; lastKnownFileType = folder.assetcatalog; path = Assets.xcassets; sourceTree = "<group>"; };
		8EA2EDB9271BFCD70064B58A /* Base */ = {isa = PBXFileReference; lastKnownFileType = file.storyboard; name = Base; path = Base.lproj/LaunchScreen.storyboard; sourceTree = "<group>"; };
		8EA2EDBB271BFCD70064B58A /* Info.plist */ = {isa = PBXFileReference; lastKnownFileType = text.plist.xml; path = Info.plist; sourceTree = "<group>"; };
		8EA2EDC1271C3F360064B58A /* alarm.mp3 */ = {isa = PBXFileReference; lastKnownFileType = audio.mp3; path = alarm.mp3; sourceTree = "<group>"; };
/* End PBXFileReference section */

/* Begin PBXFrameworksBuildPhase section */
		8EA2EDA7271BFCD70064B58A /* Frameworks */ = {
			isa = PBXFrameworksBuildPhase;
			buildActionMask = 2147483647;
			files = (
			);
			runOnlyForDeploymentPostprocessing = 0;
		};
/* End PBXFrameworksBuildPhase section */

/* Begin PBXGroup section */
		8EA2EDA1271BFCD70064B58A = {
			isa = PBXGroup;
			children = (
				8EA2EDAC271BFCD70064B58A /* Timer_App */,
				8EA2EDAB271BFCD70064B58A /* Products */,
			);
			sourceTree = "<group>";
		};
		8EA2EDAB271BFCD70064B58A /* Products */ = {
			isa = PBXGroup;
			children = (
				8EA2EDAA271BFCD70064B58A /* Timer_App.app */,
			);
			name = Products;
			sourceTree = "<group>";
		};
		8EA2EDAC271BFCD70064B58A /* Timer_App */ = {
			isa = PBXGroup;
			children = (
				8EA2EDC1271C3F360064B58A /* alarm.mp3 */,
				8EA2EDAD271BFCD70064B58A /* AppDelegate.swift */,
				8EA2EDAF271BFCD70064B58A /* SceneDelegate.swift */,
				8EA2EDB1271BFCD70064B58A /* ViewController.swift */,
				8EA2EDB3271BFCD70064B58A /* Main.storyboard */,
				8EA2EDB6271BFCD70064B58A /* Assets.xcassets */,
				8EA2EDB8271BFCD70064B58A /* LaunchScreen.storyboard */,
				8EA2EDBB271BFCD70064B58A /* Info.plist */,
			);
			path = Timer_App;
			sourceTree = "<group>";
		};
/* End PBXGroup section */

/* Begin PBXNativeTarget section */
		8EA2EDA9271BFCD70064B58A /* Timer_App */ = {
			isa = PBXNativeTarget;
			buildConfigurationList = 8EA2EDBE271BFCD70064B58A /* Build configuration list for PBXNativeTarget "Timer_App" */;
			buildPhases = (
				8EA2EDA6271BFCD70064B58A /* Sources */,
				8EA2EDA7271BFCD70064B58A /* Frameworks */,
				8EA2EDA8271BFCD70064B58A /* Resources */,
			);
			buildRules = (
			);
			dependencies = (
			);
			name = Timer_App;
			productName = Timer_App;
			productReference = 8EA2EDAA271BFCD70064B58A /* Timer_App.app */;
			productType = "com.apple.product-type.application";
		};
/* End PBXNativeTarget section */

/* Begin PBXProject section */
		8EA2EDA2271BFCD70064B58A /* Project object */ = {
			isa = PBXProject;
			attributes = {
				LastSwiftUpdateCheck = 1250;
				LastUpgradeCheck = 1250;
				TargetAttributes = {
					8EA2EDA9271BFCD70064B58A = {
						CreatedOnToolsVersion = 12.5;
					};
				};
			};
			buildConfigurationList = 8EA2EDA5271BFCD70064B58A /* Build configuration list for PBXProject "Timer_App" */;
			compatibilityVersion = "Xcode 12.0";
			developmentRegion = en;
			hasScannedForEncodings = 0;
			knownRegions = (
				en,
				Base,
			);
			mainGroup = 8EA2EDA1271BFCD70064B58A;
			productRefGroup = 8EA2EDAB271BFCD70064B58A /* Products */;
			projectDirPath = "";
			projectRoot = "";
			targets = (
				8EA2EDA9271BFCD70064B58A /* Timer_App */,
			);
		};
/* End PBXProject section */

/* Begin PBXResourcesBuildPhase section */
		8EA2EDA8271BFCD70064B58A /* Resources */ = {
			isa = PBXResourcesBuildPhase;
			buildActionMask = 2147483647;
			files = (
				8EA2EDC2271C3F360064B58A /* alarm.mp3 in Resources */,
				8EA2EDBA271BFCD70064B58A /* LaunchScreen.storyboard in Resources */,
				8EA2EDB7271BFCD70064B58A /* Assets.xcassets in Resources */,
				8EA2EDB5271BFCD70064B58A /* Main.storyboard in Resources */,
			);
			runOnlyForDeploymentPostprocessing = 0;
		};
/* End PBXResourcesBuildPhase section */

/* Begin PBXSourcesBuildPhase section */
		8EA2EDA6271BFCD70064B58A /* Sources */ = {
			isa = PBXSourcesBuildPhase;
			buildActionMask = 2147483647;
			files = (
				8EA2EDB2271BFCD70064B58A /* ViewController.swift in Sources */,
				8EA2EDAE271BFCD70064B58A /* AppDelegate.swift in Sources */,
				8EA2EDB0271BFCD70064B58A /* SceneDelegate.swift in Sources */,
			);
			runOnlyForDeploymentPostprocessing = 0;
		};
/* End PBXSourcesBuildPhase section */

/* Begin PBXVariantGroup section */
		8EA2EDB3271BFCD70064B58A /* Main.storyboard */ = {
			isa = PBXVariantGroup;
			children = (
				8EA2EDB4271BFCD70064B58A /* Base */,
			);
			name = Main.storyboard;
			sourceTree = "<group>";
		};
		8EA2EDB8271BFCD70064B58A /* LaunchScreen.storyboard */ = {
			isa = PBXVariantGroup;
			children = (
				8EA2EDB9271BFCD70064B58A /* Base */,
			);
			name = LaunchScreen.storyboard;
			sourceTree = "<group>";
		};
/* End PBXVariantGroup section */

/* Begin XCBuildConfiguration section */
		8EA2EDBC271BFCD70064B58A /* Debug */ = {
			isa = XCBuildConfiguration;
			buildSettings = {
				ALWAYS_SEARCH_USER_PATHS = NO;
				CLANG_ANALYZER_NONNULL = YES;
				CLANG_ANALYZER_NUMBER_OBJECT_CONVERSION = YES_AGGRESSIVE;
				CLANG_CXX_LANGUAGE_STANDARD = "gnu++14";
				CLANG_CXX_LIBRARY = "libc++";
				CLANG_ENABLE_MODULES = YES;
				CLANG_ENABLE_OBJC_ARC = YES;
				CLANG_ENABLE_OBJC_WEAK = YES;
				CLANG_WARN_BLOCK_CAPTURE_AUTORELEASING = YES;
				CLANG_WARN_BOOL_CONVERSION = YES;
				CLANG_WARN_COMMA = YES;
				CLANG_WARN_CONSTANT_CONVERSION = YES;
				CLANG_WARN_DEPRECATED_OBJC_IMPLEMENTATIONS = YES;
				CLANG_WARN_DIRECT_OBJC_ISA_USAGE = YES_ERROR;
				CLANG_WARN_DOCUMENTATION_COMMENTS = YES;
				CLANG_WARN_EMPTY_BODY = YES;
				CLANG_WARN_ENUM_CONVERSION = YES;
				CLANG_WARN_INFINITE_RECURSION = YES;
				CLANG_WARN_INT_CONVERSION = YES;
				CLANG_WARN_NON_LITERAL_NULL_CONVERSION = YES;
				CLANG_WARN_OBJC_IMPLICIT_RETAIN_SELF = YES;
				CLANG_WARN_OBJC_LITERAL_CONVERSION = YES;
				CLANG_WARN_OBJC_ROOT_CLASS = YES_ERROR;
				CLANG_WARN_QUOTED_INCLUDE_IN_FRAMEWORK_HEADER = YES;
				CLANG_WARN_RANGE_LOOP_ANALYSIS = YES;
				CLANG_WARN_STRICT_PROTOTYPES = YES;
				CLANG_WARN_SUSPICIOUS_MOVE = YES;
				CLANG_WARN_UNGUARDED_AVAILABILITY = YES_AGGRESSIVE;
				CLANG_WARN_UNREACHABLE_CODE = YES;
				CLANG_WARN__DUPLICATE_METHOD_MATCH = YES;
				COPY_PHASE_STRIP = NO;
				DEBUG_INFORMATION_FORMAT = dwarf;
				ENABLE_STRICT_OBJC_MSGSEND = YES;
				ENABLE_TESTABILITY = YES;
				GCC_C_LANGUAGE_STANDARD = gnu11;
				GCC_DYNAMIC_NO_PIC = NO;
				GCC_NO_COMMON_BLOCKS = YES;
				GCC_OPTIMIZATION_LEVEL = 0;
				GCC_PREPROCESSOR_DEFINITIONS = (
					"DEBUG=1",
					"$(inherited)",
				);
				GCC_WARN_64_TO_32_BIT_CONVERSION = YES;
				GCC_WARN_ABOUT_RETURN_TYPE = YES_ERROR;
				GCC_WARN_UNDECLARED_SELECTOR = YES;
				GCC_WARN_UNINITIALIZED_AUTOS = YES_AGGRESSIVE;
				GCC_WARN_UNUSED_FUNCTION = YES;
				GCC_WARN_UNUSED_VARIABLE = YES;
				IPHONEOS_DEPLOYMENT_TARGET = 14.5;
				MTL_ENABLE_DEBUG_INFO = INCLUDE_SOURCE;
				MTL_FAST_MATH = YES;
				ONLY_ACTIVE_ARCH = YES;
				SDKROOT = iphoneos;
				SWIFT_ACTIVE_COMPILATION_CONDITIONS = DEBUG;
				SWIFT_OPTIMIZATION_LEVEL = "-Onone";
			};
			name = Debug;
		};
		8EA2EDBD271BFCD70064B58A /* Release */ = {
			isa = XCBuildConfiguration;
			buildSettings = {
				ALWAYS_SEARCH_USER_PATHS = NO;
				CLANG_ANALYZER_NONNULL = YES;
				CLANG_ANALYZER_NUMBER_OBJECT_CONVERSION = YES_AGGRESSIVE;
				CLANG_CXX_LANGUAGE_STANDARD = "gnu++14";
				CLANG_CXX_LIBRARY = "libc++";
				CLANG_ENABLE_MODULES = YES;
				CLANG_ENABLE_OBJC_ARC = YES;
				CLANG_ENABLE_OBJC_WEAK = YES;
				CLANG_WARN_BLOCK_CAPTURE_AUTORELEASING = YES;
				CLANG_WARN_BOOL_CONVERSION = YES;
				CLANG_WARN_COMMA = YES;
				CLANG_WARN_CONSTANT_CONVERSION = YES;
				CLANG_WARN_DEPRECATED_OBJC_IMPLEMENTATIONS = YES;
				CLANG_WARN_DIRECT_OBJC_ISA_USAGE = YES_ERROR;
				CLANG_WARN_DOCUMENTATION_COMMENTS = YES;
				CLANG_WARN_EMPTY_BODY = YES;
				CLANG_WARN_ENUM_CONVERSION = YES;
				CLANG_WARN_INFINITE_RECURSION = YES;
				CLANG_WARN_INT_CONVERSION = YES;
				CLANG_WARN_NON_LITERAL_NULL_CONVERSION = YES;
				CLANG_WARN_OBJC_IMPLICIT_RETAIN_SELF = YES;
				CLANG_WARN_OBJC_LITERAL_CONVERSION = YES;
				CLANG_WARN_OBJC_ROOT_CLASS = YES_ERROR;
				CLANG_WARN_QUOTED_INCLUDE_IN_FRAMEWORK_HEADER = YES;
				CLANG_WARN_RANGE_LOOP_ANALYSIS = YES;
				CLANG_WARN_STRICT_PROTOTYPES = YES;
				CLANG_WARN_SUSPICIOUS_MOVE = YES;
				CLANG_WARN_UNGUARDED_AVAILABILITY = YES_AGGRESSIVE;
				CLANG_WARN_UNREACHABLE_CODE = YES;
				CLANG_WARN__DUPLICATE_METHOD_MATCH = YES;
				COPY_PHASE_STRIP = NO;
				DEBUG_INFORMATION_FORMAT = "dwarf-with-dsym";
				ENABLE_NS_ASSERTIONS = NO;
				ENABLE_STRICT_OBJC_MSGSEND = YES;
				GCC_C_LANGUAGE_STANDARD = gnu11;
				GCC_NO_COMMON_BLOCKS = YES;
				GCC_WARN_64_TO_32_BIT_CONVERSION = YES;
				GCC_WARN_ABOUT_RETURN_TYPE = YES_ERROR;
				GCC_WARN_UNDECLARED_SELECTOR = YES;
				GCC_WARN_UNINITIALIZED_AUTOS = YES_AGGRESSIVE;
				GCC_WARN_UNUSED_FUNCTION = YES;
				GCC_WARN_UNUSED_VARIABLE = YES;
				IPHONEOS_DEPLOYMENT_TARGET = 14.5;
				MTL_ENABLE_DEBUG_INFO = NO;
				MTL_FAST_MATH = YES;
				SDKROOT = iphoneos;
				SWIFT_COMPILATION_MODE = wholemodule;
				SWIFT_OPTIMIZATION_LEVEL = "-O";
				VALIDATE_PRODUCT = YES;
			};
			name = Release;
		};
		8EA2EDBF271BFCD70064B58A /* Debug */ = {
			isa = XCBuildConfiguration;
			buildSettings = {
				ASSETCATALOG_COMPILER_APPICON_NAME = AppIcon;
				ASSETCATALOG_COMPILER_GLOBAL_ACCENT_COLOR_NAME = AccentColor;
				CODE_SIGN_STYLE = Automatic;
				DEVELOPMENT_TEAM = T8TF9DA8WJ;
				INFOPLIST_FILE = Timer_App/Info.plist;
				LD_RUNPATH_SEARCH_PATHS = (
					"$(inherited)",
					"@executable_path/Frameworks",
				);
				PRODUCT_BUNDLE_IDENTIFIER = "com.abdualziz.Timer-App";
				PRODUCT_NAME = "$(TARGET_NAME)";
				SWIFT_VERSION = 5.0;
				TARGETED_DEVICE_FAMILY = "1,2";
			};
			name = Debug;
		};
		8EA2EDC0271BFCD70064B58A /* Release */ = {
			isa = XCBuildConfiguration;
			buildSettings = {
				ASSETCATALOG_COMPILER_APPICON_NAME = AppIcon;
				ASSETCATALOG_COMPILER_GLOBAL_ACCENT_COLOR_NAME = AccentColor;
				CODE_SIGN_STYLE = Automatic;
				DEVELOPMENT_TEAM = T8TF9DA8WJ;
				INFOPLIST_FILE = Timer_App/Info.plist;
				LD_RUNPATH_SEARCH_PATHS = (
					"$(inherited)",
					"@executable_path/Frameworks",
				);
				PRODUCT_BUNDLE_IDENTIFIER = "com.abdualziz.Timer-App";
				PRODUCT_NAME = "$(TARGET_NAME)";
				SWIFT_VERSION = 5.0;
				TARGETED_DEVICE_FAMILY = "1,2";
			};
			name = Release;
		};
/* End XCBuildConfiguration section */

/* Begin XCConfigurationList section */
		8EA2EDA5271BFCD70064B58A /* Build configuration list for PBXProject "Timer_App" */ = {
			isa = XCConfigurationList;
			buildConfigurations = (
				8EA2EDBC271BFCD70064B58A /* Debug */,
				8EA2EDBD271BFCD70064B58A /* Release */,
			);
			defaultConfigurationIsVisible = 0;
			defaultConfigurationName = Release;
		};
		8EA2EDBE271BFCD70064B58A /* Build configuration list for PBXNativeTarget "Timer_App" */ = {
			isa = XCConfigurationList;
			buildConfigurations = (
				8EA2EDBF271BFCD70064B58A /* Debug */,
				8EA2EDC0271BFCD70064B58A /* Release */,
			);
			defaultConfigurationIsVisible = 0;
			defaultConfigurationName = Release;
		};
/* End XCConfigurationList section */
	};
	rootObject = 8EA2EDA2271BFCD70064B58A /* Project object */;
}
