// !$*UTF8*$!
{
	archiveVersion = 1;
	classes = {
	};
	objectVersion = 50;
	objects = {

/* Begin PBXBuildFile section */
		AEB98EA7271CAC70005159F3 /* AppDelegate.swift in Sources */ = {isa = PBXBuildFile; fileRef = AEB98EA6271CAC70005159F3 /* AppDelegate.swift */; };
		AEB98EA9271CAC70005159F3 /* SceneDelegate.swift in Sources */ = {isa = PBXBuildFile; fileRef = AEB98EA8271CAC70005159F3 /* SceneDelegate.swift */; };
		AEB98EAB271CAC70005159F3 /* ViewController.swift in Sources */ = {isa = PBXBuildFile; fileRef = AEB98EAA271CAC70005159F3 /* ViewController.swift */; };
		AEB98EAE271CAC70005159F3 /* Main.storyboard in Resources */ = {isa = PBXBuildFile; fileRef = AEB98EAC271CAC70005159F3 /* Main.storyboard */; };
		AEB98EB0271CAC71005159F3 /* Assets.xcassets in Resources */ = {isa = PBXBuildFile; fileRef = AEB98EAF271CAC71005159F3 /* Assets.xcassets */; };
		AEB98EB3271CAC71005159F3 /* LaunchScreen.storyboard in Resources */ = {isa = PBXBuildFile; fileRef = AEB98EB1271CAC71005159F3 /* LaunchScreen.storyboard */; };
		AEB98EBB271CB5C1005159F3 /* alarm.mp3 in Resources */ = {isa = PBXBuildFile; fileRef = AEB98EBA271CB5C1005159F3 /* alarm.mp3 */; };
/* End PBXBuildFile section */

/* Begin PBXFileReference section */
		AEB98EA3271CAC70005159F3 /* Timer-App.app */ = {isa = PBXFileReference; explicitFileType = wrapper.application; includeInIndex = 0; path = "Timer-App.app"; sourceTree = BUILT_PRODUCTS_DIR; };
		AEB98EA6271CAC70005159F3 /* AppDelegate.swift */ = {isa = PBXFileReference; lastKnownFileType = sourcecode.swift; path = AppDelegate.swift; sourceTree = "<group>"; };
		AEB98EA8271CAC70005159F3 /* SceneDelegate.swift */ = {isa = PBXFileReference; lastKnownFileType = sourcecode.swift; path = SceneDelegate.swift; sourceTree = "<group>"; };
		AEB98EAA271CAC70005159F3 /* ViewController.swift */ = {isa = PBXFileReference; lastKnownFileType = sourcecode.swift; path = ViewController.swift; sourceTree = "<group>"; };
		AEB98EAD271CAC70005159F3 /* Base */ = {isa = PBXFileReference; lastKnownFileType = file.storyboard; name = Base; path = Base.lproj/Main.storyboard; sourceTree = "<group>"; };
		AEB98EAF271CAC71005159F3 /* Assets.xcassets */ = {isa = PBXFileReference; lastKnownFileType = folder.assetcatalog; path = Assets.xcassets; sourceTree = "<group>"; };
		AEB98EB2271CAC71005159F3 /* Base */ = {isa = PBXFileReference; lastKnownFileType = file.storyboard; name = Base; path = Base.lproj/LaunchScreen.storyboard; sourceTree = "<group>"; };
		AEB98EB4271CAC71005159F3 /* Info.plist */ = {isa = PBXFileReference; lastKnownFileType = text.plist.xml; path = Info.plist; sourceTree = "<group>"; };
		AEB98EBA271CB5C1005159F3 /* alarm.mp3 */ = {isa = PBXFileReference; lastKnownFileType = audio.mp3; path = alarm.mp3; sourceTree = "<group>"; };
/* End PBXFileReference section */

/* Begin PBXFrameworksBuildPhase section */
		AEB98EA0271CAC70005159F3 /* Frameworks */ = {
			isa = PBXFrameworksBuildPhase;
			buildActionMask = 2147483647;
			files = (
			);
			runOnlyForDeploymentPostprocessing = 0;
		};
/* End PBXFrameworksBuildPhase section */

/* Begin PBXGroup section */
		AEB98E9A271CAC70005159F3 = {
			isa = PBXGroup;
			children = (
				AEB98EA5271CAC70005159F3 /* Timer-App */,
				AEB98EA4271CAC70005159F3 /* Products */,
			);
			sourceTree = "<group>";
		};
		AEB98EA4271CAC70005159F3 /* Products */ = {
			isa = PBXGroup;
			children = (
				AEB98EA3271CAC70005159F3 /* Timer-App.app */,
			);
			name = Products;
			sourceTree = "<group>";
		};
		AEB98EA5271CAC70005159F3 /* Timer-App */ = {
			isa = PBXGroup;
			children = (
				AEB98EBA271CB5C1005159F3 /* alarm.mp3 */,
				AEB98EA6271CAC70005159F3 /* AppDelegate.swift */,
				AEB98EA8271CAC70005159F3 /* SceneDelegate.swift */,
				AEB98EAA271CAC70005159F3 /* ViewController.swift */,
				AEB98EAC271CAC70005159F3 /* Main.storyboard */,
				AEB98EAF271CAC71005159F3 /* Assets.xcassets */,
				AEB98EB1271CAC71005159F3 /* LaunchScreen.storyboard */,
				AEB98EB4271CAC71005159F3 /* Info.plist */,
			);
			path = "Timer-App";
			sourceTree = "<group>";
		};
/* End PBXGroup section */

/* Begin PBXNativeTarget section */
		AEB98EA2271CAC70005159F3 /* Timer-App */ = {
			isa = PBXNativeTarget;
			buildConfigurationList = AEB98EB7271CAC71005159F3 /* Build configuration list for PBXNativeTarget "Timer-App" */;
			buildPhases = (
				AEB98E9F271CAC70005159F3 /* Sources */,
				AEB98EA0271CAC70005159F3 /* Frameworks */,
				AEB98EA1271CAC70005159F3 /* Resources */,
			);
			buildRules = (
			);
			dependencies = (
			);
			name = "Timer-App";
			productName = "Timer-App";
			productReference = AEB98EA3271CAC70005159F3 /* Timer-App.app */;
			productType = "com.apple.product-type.application";
		};
/* End PBXNativeTarget section */

/* Begin PBXProject section */
		AEB98E9B271CAC70005159F3 /* Project object */ = {
			isa = PBXProject;
			attributes = {
				LastSwiftUpdateCheck = 1250;
				LastUpgradeCheck = 1250;
				TargetAttributes = {
					AEB98EA2271CAC70005159F3 = {
						CreatedOnToolsVersion = 12.5;
					};
				};
			};
			buildConfigurationList = AEB98E9E271CAC70005159F3 /* Build configuration list for PBXProject "Timer-App" */;
			compatibilityVersion = "Xcode 9.3";
			developmentRegion = en;
			hasScannedForEncodings = 0;
			knownRegions = (
				en,
				Base,
			);
			mainGroup = AEB98E9A271CAC70005159F3;
			productRefGroup = AEB98EA4271CAC70005159F3 /* Products */;
			projectDirPath = "";
			projectRoot = "";
			targets = (
				AEB98EA2271CAC70005159F3 /* Timer-App */,
			);
		};
/* End PBXProject section */

/* Begin PBXResourcesBuildPhase section */
		AEB98EA1271CAC70005159F3 /* Resources */ = {
			isa = PBXResourcesBuildPhase;
			buildActionMask = 2147483647;
			files = (
				AEB98EBB271CB5C1005159F3 /* alarm.mp3 in Resources */,
				AEB98EB3271CAC71005159F3 /* LaunchScreen.storyboard in Resources */,
				AEB98EB0271CAC71005159F3 /* Assets.xcassets in Resources */,
				AEB98EAE271CAC70005159F3 /* Main.storyboard in Resources */,
			);
			runOnlyForDeploymentPostprocessing = 0;
		};
/* End PBXResourcesBuildPhase section */

/* Begin PBXSourcesBuildPhase section */
		AEB98E9F271CAC70005159F3 /* Sources */ = {
			isa = PBXSourcesBuildPhase;
			buildActionMask = 2147483647;
			files = (
				AEB98EAB271CAC70005159F3 /* ViewController.swift in Sources */,
				AEB98EA7271CAC70005159F3 /* AppDelegate.swift in Sources */,
				AEB98EA9271CAC70005159F3 /* SceneDelegate.swift in Sources */,
			);
			runOnlyForDeploymentPostprocessing = 0;
		};
/* End PBXSourcesBuildPhase section */

/* Begin PBXVariantGroup section */
		AEB98EAC271CAC70005159F3 /* Main.storyboard */ = {
			isa = PBXVariantGroup;
			children = (
				AEB98EAD271CAC70005159F3 /* Base */,
			);
			name = Main.storyboard;
			sourceTree = "<group>";
		};
		AEB98EB1271CAC71005159F3 /* LaunchScreen.storyboard */ = {
			isa = PBXVariantGroup;
			children = (
				AEB98EB2271CAC71005159F3 /* Base */,
			);
			name = LaunchScreen.storyboard;
			sourceTree = "<group>";
		};
/* End PBXVariantGroup section */

/* Begin XCBuildConfiguration section */
		AEB98EB5271CAC71005159F3 /* Debug */ = {
			isa = XCBuildConfiguration;
			buildSettings = {
				ALWAYS_SEARCH_USER_PATHS = NO;
				CLANG_ANALYZER_NONNULL = YES;
				CLANG_ANALYZER_NUMBER_OBJECT_CONVERSION = YES_AGGRESSIVE;
				CLANG_CXX_LANGUAGE_STANDARD = "gnu++14";
				CLANG_CXX_LIBRARY = "libc++";
				CLANG_ENABLE_MODULES = YES;
				CLANG_ENABLE_OBJC_ARC = YES;
				CLANG_ENABLE_OBJC_WEAK = YES;
				CLANG_WARN_BLOCK_CAPTURE_AUTORELEASING = YES;
				CLANG_WARN_BOOL_CONVERSION = YES;
				CLANG_WARN_COMMA = YES;
				CLANG_WARN_CONSTANT_CONVERSION = YES;
				CLANG_WARN_DEPRECATED_OBJC_IMPLEMENTATIONS = YES;
				CLANG_WARN_DIRECT_OBJC_ISA_USAGE = YES_ERROR;
				CLANG_WARN_DOCUMENTATION_COMMENTS = YES;
				CLANG_WARN_EMPTY_BODY = YES;
				CLANG_WARN_ENUM_CONVERSION = YES;
				CLANG_WARN_INFINITE_RECURSION = YES;
				CLANG_WARN_INT_CONVERSION = YES;
				CLANG_WARN_NON_LITERAL_NULL_CONVERSION = YES;
				CLANG_WARN_OBJC_IMPLICIT_RETAIN_SELF = YES;
				CLANG_WARN_OBJC_LITERAL_CONVERSION = YES;
				CLANG_WARN_OBJC_ROOT_CLASS = YES_ERROR;
				CLANG_WARN_QUOTED_INCLUDE_IN_FRAMEWORK_HEADER = YES;
				CLANG_WARN_RANGE_LOOP_ANALYSIS = YES;
				CLANG_WARN_STRICT_PROTOTYPES = YES;
				CLANG_WARN_SUSPICIOUS_MOVE = YES;
				CLANG_WARN_UNGUARDED_AVAILABILITY = YES_AGGRESSIVE;
				CLANG_WARN_UNREACHABLE_CODE = YES;
				CLANG_WARN__DUPLICATE_METHOD_MATCH = YES;
				COPY_PHASE_STRIP = NO;
				DEBUG_INFORMATION_FORMAT = dwarf;
				ENABLE_STRICT_OBJC_MSGSEND = YES;
				ENABLE_TESTABILITY = YES;
				GCC_C_LANGUAGE_STANDARD = gnu11;
				GCC_DYNAMIC_NO_PIC = NO;
				GCC_NO_COMMON_BLOCKS = YES;
				GCC_OPTIMIZATION_LEVEL = 0;
				GCC_PREPROCESSOR_DEFINITIONS = (
					"DEBUG=1",
					"$(inherited)",
				);
				GCC_WARN_64_TO_32_BIT_CONVERSION = YES;
				GCC_WARN_ABOUT_RETURN_TYPE = YES_ERROR;
				GCC_WARN_UNDECLARED_SELECTOR = YES;
				GCC_WARN_UNINITIALIZED_AUTOS = YES_AGGRESSIVE;
				GCC_WARN_UNUSED_FUNCTION = YES;
				GCC_WARN_UNUSED_VARIABLE = YES;
				IPHONEOS_DEPLOYMENT_TARGET = 14.5;
				MTL_ENABLE_DEBUG_INFO = INCLUDE_SOURCE;
				MTL_FAST_MATH = YES;
				ONLY_ACTIVE_ARCH = YES;
				SDKROOT = iphoneos;
				SWIFT_ACTIVE_COMPILATION_CONDITIONS = DEBUG;
				SWIFT_OPTIMIZATION_LEVEL = "-Onone";
			};
			name = Debug;
		};
		AEB98EB6271CAC71005159F3 /* Release */ = {
			isa = XCBuildConfiguration;
			buildSettings = {
				ALWAYS_SEARCH_USER_PATHS = NO;
				CLANG_ANALYZER_NONNULL = YES;
				CLANG_ANALYZER_NUMBER_OBJECT_CONVERSION = YES_AGGRESSIVE;
				CLANG_CXX_LANGUAGE_STANDARD = "gnu++14";
				CLANG_CXX_LIBRARY = "libc++";
				CLANG_ENABLE_MODULES = YES;
				CLANG_ENABLE_OBJC_ARC = YES;
				CLANG_ENABLE_OBJC_WEAK = YES;
				CLANG_WARN_BLOCK_CAPTURE_AUTORELEASING = YES;
				CLANG_WARN_BOOL_CONVERSION = YES;
				CLANG_WARN_COMMA = YES;
				CLANG_WARN_CONSTANT_CONVERSION = YES;
				CLANG_WARN_DEPRECATED_OBJC_IMPLEMENTATIONS = YES;
				CLANG_WARN_DIRECT_OBJC_ISA_USAGE = YES_ERROR;
				CLANG_WARN_DOCUMENTATION_COMMENTS = YES;
				CLANG_WARN_EMPTY_BODY = YES;
				CLANG_WARN_ENUM_CONVERSION = YES;
				CLANG_WARN_INFINITE_RECURSION = YES;
				CLANG_WARN_INT_CONVERSION = YES;
				CLANG_WARN_NON_LITERAL_NULL_CONVERSION = YES;
				CLANG_WARN_OBJC_IMPLICIT_RETAIN_SELF = YES;
				CLANG_WARN_OBJC_LITERAL_CONVERSION = YES;
				CLANG_WARN_OBJC_ROOT_CLASS = YES_ERROR;
				CLANG_WARN_QUOTED_INCLUDE_IN_FRAMEWORK_HEADER = YES;
				CLANG_WARN_RANGE_LOOP_ANALYSIS = YES;
				CLANG_WARN_STRICT_PROTOTYPES = YES;
				CLANG_WARN_SUSPICIOUS_MOVE = YES;
				CLANG_WARN_UNGUARDED_AVAILABILITY = YES_AGGRESSIVE;
				CLANG_WARN_UNREACHABLE_CODE = YES;
				CLANG_WARN__DUPLICATE_METHOD_MATCH = YES;
				COPY_PHASE_STRIP = NO;
				DEBUG_INFORMATION_FORMAT = "dwarf-with-dsym";
				ENABLE_NS_ASSERTIONS = NO;
				ENABLE_STRICT_OBJC_MSGSEND = YES;
				GCC_C_LANGUAGE_STANDARD = gnu11;
				GCC_NO_COMMON_BLOCKS = YES;
				GCC_WARN_64_TO_32_BIT_CONVERSION = YES;
				GCC_WARN_ABOUT_RETURN_TYPE = YES_ERROR;
				GCC_WARN_UNDECLARED_SELECTOR = YES;
				GCC_WARN_UNINITIALIZED_AUTOS = YES_AGGRESSIVE;
				GCC_WARN_UNUSED_FUNCTION = YES;
				GCC_WARN_UNUSED_VARIABLE = YES;
				IPHONEOS_DEPLOYMENT_TARGET = 14.5;
				MTL_ENABLE_DEBUG_INFO = NO;
				MTL_FAST_MATH = YES;
				SDKROOT = iphoneos;
				SWIFT_COMPILATION_MODE = wholemodule;
				SWIFT_OPTIMIZATION_LEVEL = "-O";
				VALIDATE_PRODUCT = YES;
			};
			name = Release;
		};
		AEB98EB8271CAC71005159F3 /* Debug */ = {
			isa = XCBuildConfiguration;
			buildSettings = {
				ASSETCATALOG_COMPILER_APPICON_NAME = AppIcon;
				ASSETCATALOG_COMPILER_GLOBAL_ACCENT_COLOR_NAME = AccentColor;
				CODE_SIGN_STYLE = Automatic;
				DEVELOPMENT_TEAM = AQQ2YBW9F8;
				INFOPLIST_FILE = "Timer-App/Info.plist";
				LD_RUNPATH_SEARCH_PATHS = (
					"$(inherited)",
					"@executable_path/Frameworks",
				);
				PRODUCT_BUNDLE_IDENTIFIER = "reema.com.Timer-App";
				PRODUCT_NAME = "$(TARGET_NAME)";
				SWIFT_VERSION = 5.0;
				TARGETED_DEVICE_FAMILY = "1,2";
			};
			name = Debug;
		};
		AEB98EB9271CAC71005159F3 /* Release */ = {
			isa = XCBuildConfiguration;
			buildSettings = {
				ASSETCATALOG_COMPILER_APPICON_NAME = AppIcon;
				ASSETCATALOG_COMPILER_GLOBAL_ACCENT_COLOR_NAME = AccentColor;
				CODE_SIGN_STYLE = Automatic;
				DEVELOPMENT_TEAM = AQQ2YBW9F8;
				INFOPLIST_FILE = "Timer-App/Info.plist";
				LD_RUNPATH_SEARCH_PATHS = (
					"$(inherited)",
					"@executable_path/Frameworks",
				);
				PRODUCT_BUNDLE_IDENTIFIER = "reema.com.Timer-App";
				PRODUCT_NAME = "$(TARGET_NAME)";
				SWIFT_VERSION = 5.0;
				TARGETED_DEVICE_FAMILY = "1,2";
			};
			name = Release;
		};
/* End XCBuildConfiguration section */

/* Begin XCConfigurationList section */
		AEB98E9E271CAC70005159F3 /* Build configuration list for PBXProject "Timer-App" */ = {
			isa = XCConfigurationList;
			buildConfigurations = (
				AEB98EB5271CAC71005159F3 /* Debug */,
				AEB98EB6271CAC71005159F3 /* Release */,
			);
			defaultConfigurationIsVisible = 0;
			defaultConfigurationName = Release;
		};
		AEB98EB7271CAC71005159F3 /* Build configuration list for PBXNativeTarget "Timer-App" */ = {
			isa = XCConfigurationList;
			buildConfigurations = (
				AEB98EB8271CAC71005159F3 /* Debug */,
				AEB98EB9271CAC71005159F3 /* Release */,
			);
			defaultConfigurationIsVisible = 0;
			defaultConfigurationName = Release;
		};
/* End XCConfigurationList section */
	};
	rootObject = AEB98E9B271CAC70005159F3 /* Project object */;
}
